
Microsoft Visual Studio Solution File, Format Version 12.00
# Visual Studio Version 16
VisualStudioVersion = 16.0.31624.102
MinimumVisualStudioVersion = 10.0.40219.1
Project("{9A19103F-16F7-4668-BE54-9A1E7A4F7556}") = "LinearAlgebra", "LinearAlgebra.csproj", "{FB326CFE-E6F1-4A42-83E5-CD8ECEFB4112}"
EndProject
Global
	GlobalSection(SolutionConfigurationPlatforms) = preSolution
		Debug|Any CPU = Debug|Any CPU
		Release|Any CPU = Release|Any CPU
	EndGlobalSection
	GlobalSection(ProjectConfigurationPlatforms) = postSolution
		{FB326CFE-E6F1-4A42-83E5-CD8ECEFB4112}.Debug|Any CPU.ActiveCfg = Debug|Any CPU
		{FB326CFE-E6F1-4A42-83E5-CD8ECEFB4112}.Debug|Any CPU.Build.0 = Debug|Any CPU
		{FB326CFE-E6F1-4A42-83E5-CD8ECEFB4112}.Release|Any CPU.ActiveCfg = Release|Any CPU
		{FB326CFE-E6F1-4A42-83E5-CD8ECEFB4112}.Release|Any CPU.Build.0 = Release|Any CPU
	EndGlobalSection
	GlobalSection(SolutionProperties) = preSolution
		HideSolutionNode = FALSE
	EndGlobalSection
	GlobalSection(ExtensibilityGlobals) = postSolution
		SolutionGuid = {D254B6DF-843A-4514-A23A-545DD0DE0FCA}
	EndGlobalSection
EndGlobal
